// !$*UTF8*$!
{
	archiveVersion = 1;
	classes = {
	};
	objectVersion = 48;
	objects = {

/* Begin PBXBuildFile section */
		8A9D366361BBD1E3F683D0E5 /* libPods-MainProject.a in Frameworks */ = {isa = PBXBuildFile; fileRef = 303CDFD87010ED646D108FB7 /* libPods-MainProject.a */; };
		F89AA87D1F724B5200B989D7 /* AppDelegate.m in Sources */ = {isa = PBXBuildFile; fileRef = F89AA87C1F724B5200B989D7 /* AppDelegate.m */; };
		F89AA8801F724B5200B989D7 /* ViewController.m in Sources */ = {isa = PBXBuildFile; fileRef = F89AA87F1F724B5200B989D7 /* ViewController.m */; };
		F89AA8831F724B5200B989D7 /* Main.storyboard in Resources */ = {isa = PBXBuildFile; fileRef = F89AA8811F724B5200B989D7 /* Main.storyboard */; };
		F89AA8851F724B5200B989D7 /* Assets.xcassets in Resources */ = {isa = PBXBuildFile; fileRef = F89AA8841F724B5200B989D7 /* Assets.xcassets */; };
		F89AA8881F724B5200B989D7 /* LaunchScreen.storyboard in Resources */ = {isa = PBXBuildFile; fileRef = F89AA8861F724B5200B989D7 /* LaunchScreen.storyboard */; };
		F89AA88B1F724B5200B989D7 /* main.m in Sources */ = {isa = PBXBuildFile; fileRef = F89AA88A1F724B5200B989D7 /* main.m */; };
		F89AA8951F724B5200B989D7 /* MainProjectTests.m in Sources */ = {isa = PBXBuildFile; fileRef = F89AA8941F724B5200B989D7 /* MainProjectTests.m */; };
		F89AA8A01F724B5200B989D7 /* MainProjectUITests.m in Sources */ = {isa = PBXBuildFile; fileRef = F89AA89F1F724B5200B989D7 /* MainProjectUITests.m */; };
/* End PBXBuildFile section */

/* Begin PBXContainerItemProxy section */
		F89AA8911F724B5200B989D7 /* PBXContainerItemProxy */ = {
			isa = PBXContainerItemProxy;
			containerPortal = F89AA8701F724B5200B989D7 /* Project object */;
			proxyType = 1;
			remoteGlobalIDString = F89AA8771F724B5200B989D7;
			remoteInfo = MainProject;
		};
		F89AA89C1F724B5200B989D7 /* PBXContainerItemProxy */ = {
			isa = PBXContainerItemProxy;
			containerPortal = F89AA8701F724B5200B989D7 /* Project object */;
			proxyType = 1;
			remoteGlobalIDString = F89AA8771F724B5200B989D7;
			remoteInfo = MainProject;
		};
/* End PBXContainerItemProxy section */

/* Begin PBXFileReference section */
		001B04DA8F3898C2338D0110 /* Pods-MainProject.debug.xcconfig */ = {isa = PBXFileReference; includeInIndex = 1; lastKnownFileType = text.xcconfig; name = "Pods-MainProject.debug.xcconfig"; path = "Pods/Target Support Files/Pods-MainProject/Pods-MainProject.debug.xcconfig"; sourceTree = "<group>"; };
		1171E46AF737804988E225CA /* Pods-MainProject.release.xcconfig */ = {isa = PBXFileReference; includeInIndex = 1; lastKnownFileType = text.xcconfig; name = "Pods-MainProject.release.xcconfig"; path = "Pods/Target Support Files/Pods-MainProject/Pods-MainProject.release.xcconfig"; sourceTree = "<group>"; };
		303CDFD87010ED646D108FB7 /* libPods-MainProject.a */ = {isa = PBXFileReference; explicitFileType = archive.ar; includeInIndex = 0; path = "libPods-MainProject.a"; sourceTree = BUILT_PRODUCTS_DIR; };
		F89AA8781F724B5200B989D7 /* MainProject.app */ = {isa = PBXFileReference; explicitFileType = wrapper.application; includeInIndex = 0; path = MainProject.app; sourceTree = BUILT_PRODUCTS_DIR; };
		F89AA87B1F724B5200B989D7 /* AppDelegate.h */ = {isa = PBXFileReference; lastKnownFileType = sourcecode.c.h; path = AppDelegate.h; sourceTree = "<group>"; };
		F89AA87C1F724B5200B989D7 /* AppDelegate.m */ = {isa = PBXFileReference; lastKnownFileType = sourcecode.c.objc; path = AppDelegate.m; sourceTree = "<group>"; };
		F89AA87E1F724B5200B989D7 /* ViewController.h */ = {isa = PBXFileReference; lastKnownFileType = sourcecode.c.h; path = ViewController.h; sourceTree = "<group>"; };
		F89AA87F1F724B5200B989D7 /* ViewController.m */ = {isa = PBXFileReference; lastKnownFileType = sourcecode.c.objc; path = ViewController.m; sourceTree = "<group>"; };
		F89AA8821F724B5200B989D7 /* Base */ = {isa = PBXFileReference; lastKnownFileType = file.storyboard; name = Base; path = Base.lproj/Main.storyboard; sourceTree = "<group>"; };
		F89AA8841F724B5200B989D7 /* Assets.xcassets */ = {isa = PBXFileReference; lastKnownFileType = folder.assetcatalog; path = Assets.xcassets; sourceTree = "<group>"; };
		F89AA8871F724B5200B989D7 /* Base */ = {isa = PBXFileReference; lastKnownFileType = file.storyboard; name = Base; path = Base.lproj/LaunchScreen.storyboard; sourceTree = "<group>"; };
		F89AA8891F724B5200B989D7 /* Info.plist */ = {isa = PBXFileReference; lastKnownFileType = text.plist.xml; path = Info.plist; sourceTree = "<group>"; };
		F89AA88A1F724B5200B989D7 /* main.m */ = {isa = PBXFileReference; lastKnownFileType = sourcecode.c.objc; path = main.m; sourceTree = "<group>"; };
		F89AA8901F724B5200B989D7 /* MainProjectTests.xctest */ = {isa = PBXFileReference; explicitFileType = wrapper.cfbundle; includeInIndex = 0; path = MainProjectTests.xctest; sourceTree = BUILT_PRODUCTS_DIR; };
		F89AA8941F724B5200B989D7 /* MainProjectTests.m */ = {isa = PBXFileReference; lastKnownFileType = sourcecode.c.objc; path = MainProjectTests.m; sourceTree = "<group>"; };
		F89AA8961F724B5200B989D7 /* Info.plist */ = {isa = PBXFileReference; lastKnownFileType = text.plist.xml; path = Info.plist; sourceTree = "<group>"; };
		F89AA89B1F724B5200B989D7 /* MainProjectUITests.xctest */ = {isa = PBXFileReference; explicitFileType = wrapper.cfbundle; includeInIndex = 0; path = MainProjectUITests.xctest; sourceTree = BUILT_PRODUCTS_DIR; };
		F89AA89F1F724B5200B989D7 /* MainProjectUITests.m */ = {isa = PBXFileReference; lastKnownFileType = sourcecode.c.objc; path = MainProjectUITests.m; sourceTree = "<group>"; };
		F89AA8A11F724B5200B989D7 /* Info.plist */ = {isa = PBXFileReference; lastKnownFileType = text.plist.xml; path = Info.plist; sourceTree = "<group>"; };
/* End PBXFileReference section */

/* Begin PBXFrameworksBuildPhase section */
		F89AA8751F724B5200B989D7 /* Frameworks */ = {
			isa = PBXFrameworksBuildPhase;
			buildActionMask = 2147483647;
			files = (
				8A9D366361BBD1E3F683D0E5 /* libPods-MainProject.a in Frameworks */,
			);
			runOnlyForDeploymentPostprocessing = 0;
		};
		F89AA88D1F724B5200B989D7 /* Frameworks */ = {
			isa = PBXFrameworksBuildPhase;
			buildActionMask = 2147483647;
			files = (
			);
			runOnlyForDeploymentPostprocessing = 0;
		};
		F89AA8981F724B5200B989D7 /* Frameworks */ = {
			isa = PBXFrameworksBuildPhase;
			buildActionMask = 2147483647;
			files = (
			);
			runOnlyForDeploymentPostprocessing = 0;
		};
/* End PBXFrameworksBuildPhase section */

/* Begin PBXGroup section */
		37B25F4A76267853C81620B4 /* Pods */ = {
			isa = PBXGroup;
			children = (
				001B04DA8F3898C2338D0110 /* Pods-MainProject.debug.xcconfig */,
				1171E46AF737804988E225CA /* Pods-MainProject.release.xcconfig */,
			);
			name = Pods;
			sourceTree = "<group>";
		};
		F58104278984CA6E87356AD2 /* Frameworks */ = {
			isa = PBXGroup;
			children = (
				303CDFD87010ED646D108FB7 /* libPods-MainProject.a */,
			);
			name = Frameworks;
			sourceTree = "<group>";
		};
		F89AA86F1F724B5200B989D7 = {
			isa = PBXGroup;
			children = (
				F89AA87A1F724B5200B989D7 /* MainProject */,
				F89AA8931F724B5200B989D7 /* MainProjectTests */,
				F89AA89E1F724B5200B989D7 /* MainProjectUITests */,
				F89AA8791F724B5200B989D7 /* Products */,
				37B25F4A76267853C81620B4 /* Pods */,
				F58104278984CA6E87356AD2 /* Frameworks */,
			);
			sourceTree = "<group>";
		};
		F89AA8791F724B5200B989D7 /* Products */ = {
			isa = PBXGroup;
			children = (
				F89AA8781F724B5200B989D7 /* MainProject.app */,
				F89AA8901F724B5200B989D7 /* MainProjectTests.xctest */,
				F89AA89B1F724B5200B989D7 /* MainProjectUITests.xctest */,
			);
			name = Products;
			sourceTree = "<group>";
		};
		F89AA87A1F724B5200B989D7 /* MainProject */ = {
			isa = PBXGroup;
			children = (
				F89AA87B1F724B5200B989D7 /* AppDelegate.h */,
				F89AA87C1F724B5200B989D7 /* AppDelegate.m */,
				F89AA87E1F724B5200B989D7 /* ViewController.h */,
				F89AA87F1F724B5200B989D7 /* ViewController.m */,
				F89AA8811F724B5200B989D7 /* Main.storyboard */,
				F89AA8841F724B5200B989D7 /* Assets.xcassets */,
				F89AA8861F724B5200B989D7 /* LaunchScreen.storyboard */,
				F89AA8891F724B5200B989D7 /* Info.plist */,
				F89AA88A1F724B5200B989D7 /* main.m */,
			);
			path = MainProject;
			sourceTree = "<group>";
		};
		F89AA8931F724B5200B989D7 /* MainProjectTests */ = {
			isa = PBXGroup;
			children = (
				F89AA8941F724B5200B989D7 /* MainProjectTests.m */,
				F89AA8961F724B5200B989D7 /* Info.plist */,
			);
			path = MainProjectTests;
			sourceTree = "<group>";
		};
		F89AA89E1F724B5200B989D7 /* MainProjectUITests */ = {
			isa = PBXGroup;
			children = (
				F89AA89F1F724B5200B989D7 /* MainProjectUITests.m */,
				F89AA8A11F724B5200B989D7 /* Info.plist */,
			);
			path = MainProjectUITests;
			sourceTree = "<group>";
		};
/* End PBXGroup section */

/* Begin PBXNativeTarget section */
		F89AA8771F724B5200B989D7 /* MainProject */ = {
			isa = PBXNativeTarget;
			buildConfigurationList = F89AA8A41F724B5200B989D7 /* Build configuration list for PBXNativeTarget "MainProject" */;
			buildPhases = (
				22869A690CF71CF01DC4A8F9 /* [CP] Check Pods Manifest.lock */,
				F89AA8741F724B5200B989D7 /* Sources */,
				F89AA8751F724B5200B989D7 /* Frameworks */,
				F89AA8761F724B5200B989D7 /* Resources */,
				E1BEEB1D507522A606703463 /* [CP] Embed Pods Frameworks */,
				886725C86582102865352FAD /* [CP] Copy Pods Resources */,
			);
			buildRules = (
			);
			dependencies = (
			);
			name = MainProject;
			productName = MainProject;
			productReference = F89AA8781F724B5200B989D7 /* MainProject.app */;
			productType = "com.apple.product-type.application";
		};
		F89AA88F1F724B5200B989D7 /* MainProjectTests */ = {
			isa = PBXNativeTarget;
			buildConfigurationList = F89AA8A71F724B5200B989D7 /* Build configuration list for PBXNativeTarget "MainProjectTests" */;
			buildPhases = (
				F89AA88C1F724B5200B989D7 /* Sources */,
				F89AA88D1F724B5200B989D7 /* Frameworks */,
				F89AA88E1F724B5200B989D7 /* Resources */,
			);
			buildRules = (
			);
			dependencies = (
				F89AA8921F724B5200B989D7 /* PBXTargetDependency */,
			);
			name = MainProjectTests;
			productName = MainProjectTests;
			productReference = F89AA8901F724B5200B989D7 /* MainProjectTests.xctest */;
			productType = "com.apple.product-type.bundle.unit-test";
		};
		F89AA89A1F724B5200B989D7 /* MainProjectUITests */ = {
			isa = PBXNativeTarget;
			buildConfigurationList = F89AA8AA1F724B5200B989D7 /* Build configuration list for PBXNativeTarget "MainProjectUITests" */;
			buildPhases = (
				F89AA8971F724B5200B989D7 /* Sources */,
				F89AA8981F724B5200B989D7 /* Frameworks */,
				F89AA8991F724B5200B989D7 /* Resources */,
			);
			buildRules = (
			);
			dependencies = (
				F89AA89D1F724B5200B989D7 /* PBXTargetDependency */,
			);
			name = MainProjectUITests;
			productName = MainProjectUITests;
			productReference = F89AA89B1F724B5200B989D7 /* MainProjectUITests.xctest */;
			productType = "com.apple.product-type.bundle.ui-testing";
		};
/* End PBXNativeTarget section */

/* Begin PBXProject section */
		F89AA8701F724B5200B989D7 /* Project object */ = {
			isa = PBXProject;
			attributes = {
				LastUpgradeCheck = 0900;
				ORGANIZATIONNAME = "尹腾翔";
				TargetAttributes = {
					F89AA8771F724B5200B989D7 = {
						CreatedOnToolsVersion = 9.0;
						ProvisioningStyle = Automatic;
					};
					F89AA88F1F724B5200B989D7 = {
						CreatedOnToolsVersion = 9.0;
						ProvisioningStyle = Automatic;
						TestTargetID = F89AA8771F724B5200B989D7;
					};
					F89AA89A1F724B5200B989D7 = {
						CreatedOnToolsVersion = 9.0;
						ProvisioningStyle = Automatic;
						TestTargetID = F89AA8771F724B5200B989D7;
					};
				};
			};
			buildConfigurationList = F89AA8731F724B5200B989D7 /* Build configuration list for PBXProject "MainProject" */;
			compatibilityVersion = "Xcode 8.0";
			developmentRegion = en;
			hasScannedForEncodings = 0;
			knownRegions = (
				en,
				Base,
			);
			mainGroup = F89AA86F1F724B5200B989D7;
			productRefGroup = F89AA8791F724B5200B989D7 /* Products */;
			projectDirPath = "";
			projectRoot = "";
			targets = (
				F89AA8771F724B5200B989D7 /* MainProject */,
				F89AA88F1F724B5200B989D7 /* MainProjectTests */,
				F89AA89A1F724B5200B989D7 /* MainProjectUITests */,
			);
		};
/* End PBXProject section */

/* Begin PBXResourcesBuildPhase section */
		F89AA8761F724B5200B989D7 /* Resources */ = {
			isa = PBXResourcesBuildPhase;
			buildActionMask = 2147483647;
			files = (
				F89AA8881F724B5200B989D7 /* LaunchScreen.storyboard in Resources */,
				F89AA8851F724B5200B989D7 /* Assets.xcassets in Resources */,
				F89AA8831F724B5200B989D7 /* Main.storyboard in Resources */,
			);
			runOnlyForDeploymentPostprocessing = 0;
		};
		F89AA88E1F724B5200B989D7 /* Resources */ = {
			isa = PBXResourcesBuildPhase;
			buildActionMask = 2147483647;
			files = (
			);
			runOnlyForDeploymentPostprocessing = 0;
		};
		F89AA8991F724B5200B989D7 /* Resources */ = {
			isa = PBXResourcesBuildPhase;
			buildActionMask = 2147483647;
			files = (
			);
			runOnlyForDeploymentPostprocessing = 0;
		};
/* End PBXResourcesBuildPhase section */

/* Begin PBXShellScriptBuildPhase section */
		22869A690CF71CF01DC4A8F9 /* [CP] Check Pods Manifest.lock */ = {
			isa = PBXShellScriptBuildPhase;
			buildActionMask = 2147483647;
			files = (
			);
			inputPaths = (
			);
			name = "[CP] Check Pods Manifest.lock";
			outputPaths = (
			);
			runOnlyForDeploymentPostprocessing = 0;
			shellPath = /bin/sh;
			shellScript = "diff \"${PODS_PODFILE_DIR_PATH}/Podfile.lock\" \"${PODS_ROOT}/Manifest.lock\" > /dev/null\nif [ $? != 0 ] ; then\n    # print error to STDERR\n    echo \"error: The sandbox is not in sync with the Podfile.lock. Run 'pod install' or update your CocoaPods installation.\" >&2\n    exit 1\nfi\n";
			showEnvVarsInLog = 0;
		};
		886725C86582102865352FAD /* [CP] Copy Pods Resources */ = {
			isa = PBXShellScriptBuildPhase;
			buildActionMask = 2147483647;
			files = (
			);
			inputPaths = (
			);
			name = "[CP] Copy Pods Resources";
			outputPaths = (
			);
			runOnlyForDeploymentPostprocessing = 0;
			shellPath = /bin/sh;
			shellScript = "\"${SRCROOT}/Pods/Target Support Files/Pods-MainProject/Pods-MainProject-resources.sh\"\n";
			showEnvVarsInLog = 0;
		};
		E1BEEB1D507522A606703463 /* [CP] Embed Pods Frameworks */ = {
			isa = PBXShellScriptBuildPhase;
			buildActionMask = 2147483647;
			files = (
			);
			inputPaths = (
			);
			name = "[CP] Embed Pods Frameworks";
			outputPaths = (
			);
			runOnlyForDeploymentPostprocessing = 0;
			shellPath = /bin/sh;
			shellScript = "\"${SRCROOT}/Pods/Target Support Files/Pods-MainProject/Pods-MainProject-frameworks.sh\"\n";
			showEnvVarsInLog = 0;
		};
/* End PBXShellScriptBuildPhase section */

/* Begin PBXSourcesBuildPhase section */
		F89AA8741F724B5200B989D7 /* Sources */ = {
			isa = PBXSourcesBuildPhase;
			buildActionMask = 2147483647;
			files = (
				F89AA8801F724B5200B989D7 /* ViewController.m in Sources */,
				F89AA88B1F724B5200B989D7 /* main.m in Sources */,
				F89AA87D1F724B5200B989D7 /* AppDelegate.m in Sources */,
			);
			runOnlyForDeploymentPostprocessing = 0;
		};
		F89AA88C1F724B5200B989D7 /* Sources */ = {
			isa = PBXSourcesBuildPhase;
			buildActionMask = 2147483647;
			files = (
				F89AA8951F724B5200B989D7 /* MainProjectTests.m in Sources */,
			);
			runOnlyForDeploymentPostprocessing = 0;
		};
		F89AA8971F724B5200B989D7 /* Sources */ = {
			isa = PBXSourcesBuildPhase;
			buildActionMask = 2147483647;
			files = (
				F89AA8A01F724B5200B989D7 /* MainProjectUITests.m in Sources */,
			);
			runOnlyForDeploymentPostprocessing = 0;
		};
/* End PBXSourcesBuildPhase section */

/* Begin PBXTargetDependency section */
		F89AA8921F724B5200B989D7 /* PBXTargetDependency */ = {
			isa = PBXTargetDependency;
			target = F89AA8771F724B5200B989D7 /* MainProject */;
			targetProxy = F89AA8911F724B5200B989D7 /* PBXContainerItemProxy */;
		};
		F89AA89D1F724B5200B989D7 /* PBXTargetDependency */ = {
			isa = PBXTargetDependency;
			target = F89AA8771F724B5200B989D7 /* MainProject */;
			targetProxy = F89AA89C1F724B5200B989D7 /* PBXContainerItemProxy */;
		};
/* End PBXTargetDependency section */

/* Begin PBXVariantGroup section */
		F89AA8811F724B5200B989D7 /* Main.storyboard */ = {
			isa = PBXVariantGroup;
			children = (
				F89AA8821F724B5200B989D7 /* Base */,
			);
			name = Main.storyboard;
			sourceTree = "<group>";
		};
		F89AA8861F724B5200B989D7 /* LaunchScreen.storyboard */ = {
			isa = PBXVariantGroup;
			children = (
				F89AA8871F724B5200B989D7 /* Base */,
			);
			name = LaunchScreen.storyboard;
			sourceTree = "<group>";
		};
/* End PBXVariantGroup section */

/* Begin XCBuildConfiguration section */
		F89AA8A21F724B5200B989D7 /* Debug */ = {
			isa = XCBuildConfiguration;
			buildSettings = {
				ALWAYS_SEARCH_USER_PATHS = NO;
				CLANG_ANALYZER_NONNULL = YES;
				CLANG_ANALYZER_NUMBER_OBJECT_CONVERSION = YES_AGGRESSIVE;
				CLANG_CXX_LANGUAGE_STANDARD = "gnu++14";
				CLANG_CXX_LIBRARY = "libc++";
				CLANG_ENABLE_MODULES = YES;
				CLANG_ENABLE_OBJC_ARC = YES;
				CLANG_WARN_BLOCK_CAPTURE_AUTORELEASING = YES;
				CLANG_WARN_BOOL_CONVERSION = YES;
				CLANG_WARN_COMMA = YES;
				CLANG_WARN_CONSTANT_CONVERSION = YES;
				CLANG_WARN_DIRECT_OBJC_ISA_USAGE = YES_ERROR;
				CLANG_WARN_DOCUMENTATION_COMMENTS = YES;
				CLANG_WARN_EMPTY_BODY = YES;
				CLANG_WARN_ENUM_CONVERSION = YES;
				CLANG_WARN_INFINITE_RECURSION = YES;
				CLANG_WARN_INT_CONVERSION = YES;
				CLANG_WARN_NON_LITERAL_NULL_CONVERSION = YES;
				CLANG_WARN_OBJC_LITERAL_CONVERSION = YES;
				CLANG_WARN_OBJC_ROOT_CLASS = YES_ERROR;
				CLANG_WARN_RANGE_LOOP_ANALYSIS = YES;
				CLANG_WARN_STRICT_PROTOTYPES = YES;
				CLANG_WARN_SUSPICIOUS_MOVE = YES;
				CLANG_WARN_UNGUARDED_AVAILABILITY = YES_AGGRESSIVE;
				CLANG_WARN_UNREACHABLE_CODE = YES;
				CLANG_WARN__DUPLICATE_METHOD_MATCH = YES;
				CODE_SIGN_IDENTITY = "iPhone Developer";
				COPY_PHASE_STRIP = NO;
				DEBUG_INFORMATION_FORMAT = dwarf;
				ENABLE_STRICT_OBJC_MSGSEND = YES;
				ENABLE_TESTABILITY = YES;
				GCC_C_LANGUAGE_STANDARD = gnu11;
				GCC_DYNAMIC_NO_PIC = NO;
				GCC_NO_COMMON_BLOCKS = YES;
				GCC_OPTIMIZATION_LEVEL = 0;
				GCC_PREPROCESSOR_DEFINITIONS = (
					"DEBUG=1",
					"$(inherited)",
				);
				GCC_WARN_64_TO_32_BIT_CONVERSION = YES;
				GCC_WARN_ABOUT_RETURN_TYPE = YES_ERROR;
				GCC_WARN_UNDECLARED_SELECTOR = YES;
				GCC_WARN_UNINITIALIZED_AUTOS = YES_AGGRESSIVE;
				GCC_WARN_UNUSED_FUNCTION = YES;
				GCC_WARN_UNUSED_VARIABLE = YES;
				IPHONEOS_DEPLOYMENT_TARGET = 11.0;
				MTL_ENABLE_DEBUG_INFO = YES;
				ONLY_ACTIVE_ARCH = YES;
				SDKROOT = iphoneos;
			};
			name = Debug;
		};
		F89AA8A31F724B5200B989D7 /* Release */ = {
			isa = XCBuildConfiguration;
			buildSettings = {
				ALWAYS_SEARCH_USER_PATHS = NO;
				CLANG_ANALYZER_NONNULL = YES;
				CLANG_ANALYZER_NUMBER_OBJECT_CONVERSION = YES_AGGRESSIVE;
				CLANG_CXX_LANGUAGE_STANDARD = "gnu++14";
				CLANG_CXX_LIBRARY = "libc++";
				CLANG_ENABLE_MODULES = YES;
				CLANG_ENABLE_OBJC_ARC = YES;
				CLANG_WARN_BLOCK_CAPTURE_AUTORELEASING = YES;
				CLANG_WARN_BOOL_CONVERSION = YES;
				CLANG_WARN_COMMA = YES;
				CLANG_WARN_CONSTANT_CONVERSION = YES;
				CLANG_WARN_DIRECT_OBJC_ISA_USAGE = YES_ERROR;
				CLANG_WARN_DOCUMENTATION_COMMENTS = YES;
				CLANG_WARN_EMPTY_BODY = YES;
				CLANG_WARN_ENUM_CONVERSION = YES;
				CLANG_WARN_INFINITE_RECURSION = YES;
				CLANG_WARN_INT_CONVERSION = YES;
				CLANG_WARN_NON_LITERAL_NULL_CONVERSION = YES;
				CLANG_WARN_OBJC_LITERAL_CONVERSION = YES;
				CLANG_WARN_OBJC_ROOT_CLASS = YES_ERROR;
				CLANG_WARN_RANGE_LOOP_ANALYSIS = YES;
				CLANG_WARN_STRICT_PROTOTYPES = YES;
				CLANG_WARN_SUSPICIOUS_MOVE = YES;
				CLANG_WARN_UNGUARDED_AVAILABILITY = YES_AGGRESSIVE;
				CLANG_WARN_UNREACHABLE_CODE = YES;
				CLANG_WARN__DUPLICATE_METHOD_MATCH = YES;
				CODE_SIGN_IDENTITY = "iPhone Developer";
				COPY_PHASE_STRIP = NO;
				DEBUG_INFORMATION_FORMAT = "dwarf-with-dsym";
				ENABLE_NS_ASSERTIONS = NO;
				ENABLE_STRICT_OBJC_MSGSEND = YES;
				GCC_C_LANGUAGE_STANDARD = gnu11;
				GCC_NO_COMMON_BLOCKS = YES;
				GCC_WARN_64_TO_32_BIT_CONVERSION = YES;
				GCC_WARN_ABOUT_RETURN_TYPE = YES_ERROR;
				GCC_WARN_UNDECLARED_SELECTOR = YES;
				GCC_WARN_UNINITIALIZED_AUTOS = YES_AGGRESSIVE;
				GCC_WARN_UNUSED_FUNCTION = YES;
				GCC_WARN_UNUSED_VARIABLE = YES;
				IPHONEOS_DEPLOYMENT_TARGET = 11.0;
				MTL_ENABLE_DEBUG_INFO = NO;
				SDKROOT = iphoneos;
				VALIDATE_PRODUCT = YES;
			};
			name = Release;
		};
		F89AA8A51F724B5200B989D7 /* Debug */ = {
			isa = XCBuildConfiguration;
			baseConfigurationReference = 001B04DA8F3898C2338D0110 /* Pods-MainProject.debug.xcconfig */;
			buildSettings = {
				ASSETCATALOG_COMPILER_APPICON_NAME = AppIcon;
				CODE_SIGN_STYLE = Automatic;
				INFOPLIST_FILE = MainProject/Info.plist;
				IPHONEOS_DEPLOYMENT_TARGET = 8.0;
				LD_RUNPATH_SEARCH_PATHS = "$(inherited) @executable_path/Frameworks";
				PRODUCT_BUNDLE_IDENTIFIER = InstallApp.MainProject;
				PRODUCT_NAME = "$(TARGET_NAME)";
				TARGETED_DEVICE_FAMILY = "1,2";
			};
			name = Debug;
		};
		F89AA8A61F724B5200B989D7 /* Release */ = {
			isa = XCBuildConfiguration;
			baseConfigurationReference = 1171E46AF737804988E225CA /* Pods-MainProject.release.xcconfig */;
			buildSettings = {
				ASSETCATALOG_COMPILER_APPICON_NAME = AppIcon;
				CODE_SIGN_STYLE = Automatic;
				INFOPLIST_FILE = MainProject/Info.plist;
				IPHONEOS_DEPLOYMENT_TARGET = 8.0;
				LD_RUNPATH_SEARCH_PATHS = "$(inherited) @executable_path/Frameworks";
				PRODUCT_BUNDLE_IDENTIFIER = InstallApp.MainProject;
				PRODUCT_NAME = "$(TARGET_NAME)";
				TARGETED_DEVICE_FAMILY = "1,2";
			};
			name = Release;
		};
		F89AA8A81F724B5200B989D7 /* Debug */ = {
			isa = XCBuildConfiguration;
			buildSettings = {
				BUNDLE_LOADER = "$(TEST_HOST)";
				CODE_SIGN_STYLE = Automatic;
				INFOPLIST_FILE = MainProjectTests/Info.plist;
				LD_RUNPATH_SEARCH_PATHS = "$(inherited) @executable_path/Frameworks @loader_path/Frameworks";
				PRODUCT_BUNDLE_IDENTIFIER = InstallApp.MainProjectTests;
				PRODUCT_NAME = "$(TARGET_NAME)";
				TARGETED_DEVICE_FAMILY = "1,2";
				TEST_HOST = "$(BUILT_PRODUCTS_DIR)/MainProject.app/MainProject";
			};
			name = Debug;
		};
		F89AA8A91F724B5200B989D7 /* Release */ = {
			isa = XCBuildConfiguration;
			buildSettings = {
				BUNDLE_LOADER = "$(TEST_HOST)";
				CODE_SIGN_STYLE = Automatic;
				INFOPLIST_FILE = MainProjectTests/Info.plist;
				LD_RUNPATH_SEARCH_PATHS = "$(inherited) @executable_path/Frameworks @loader_path/Frameworks";
				PRODUCT_BUNDLE_IDENTIFIER = InstallApp.MainProjectTests;
				PRODUCT_NAME = "$(TARGET_NAME)";
				TARGETED_DEVICE_FAMILY = "1,2";
				TEST_HOST = "$(BUILT_PRODUCTS_DIR)/MainProject.app/MainProject";
			};
			name = Release;
		};
		F89AA8AB1F724B5200B989D7 /* Debug */ = {
			isa = XCBuildConfiguration;
			buildSettings = {
				CODE_SIGN_STYLE = Automatic;
				INFOPLIST_FILE = MainProjectUITests/Info.plist;
				LD_RUNPATH_SEARCH_PATHS = "$(inherited) @executable_path/Frameworks @loader_path/Frameworks";
				PRODUCT_BUNDLE_IDENTIFIER = InstallApp.MainProjectUITests;
				PRODUCT_NAME = "$(TARGET_NAME)";
				TARGETED_DEVICE_FAMILY = "1,2";
				TEST_TARGET_NAME = MainProject;
			};
			name = Debug;
		};
		F89AA8AC1F724B5200B989D7 /* Release */ = {
			isa = XCBuildConfiguration;
			buildSettings = {
				CODE_SIGN_STYLE = Automatic;
				INFOPLIST_FILE = MainProjectUITests/Info.plist;
				LD_RUNPATH_SEARCH_PATHS = "$(inherited) @executable_path/Frameworks @loader_path/Frameworks";
				PRODUCT_BUNDLE_IDENTIFIER = InstallApp.MainProjectUITests;
				PRODUCT_NAME = "$(TARGET_NAME)";
				TARGETED_DEVICE_FAMILY = "1,2";
				TEST_TARGET_NAME = MainProject;
			};
			name = Release;
		};
/* End XCBuildConfiguration section */

/* Begin XCConfigurationList section */
		F89AA8731F724B5200B989D7 /* Build configuration list for PBXProject "MainProject" */ = {
			isa = XCConfigurationList;
			buildConfigurations = (
				F89AA8A21F724B5200B989D7 /* Debug */,
				F89AA8A31F724B5200B989D7 /* Release */,
			);
			defaultConfigurationIsVisible = 0;
			defaultConfigurationName = Release;
		};
		F89AA8A41F724B5200B989D7 /* Build configuration list for PBXNativeTarget "MainProject" */ = {
			isa = XCConfigurationList;
			buildConfigurations = (
				F89AA8A51F724B5200B989D7 /* Debug */,
				F89AA8A61F724B5200B989D7 /* Release */,
			);
			defaultConfigurationIsVisible = 0;
			defaultConfigurationName = Release;
		};
		F89AA8A71F724B5200B989D7 /* Build configuration list for PBXNativeTarget "MainProjectTests" */ = {
			isa = XCConfigurationList;
			buildConfigurations = (
				F89AA8A81F724B5200B989D7 /* Debug */,
				F89AA8A91F724B5200B989D7 /* Release */,
			);
			defaultConfigurationIsVisible = 0;
			defaultConfigurationName = Release;
		};
		F89AA8AA1F724B5200B989D7 /* Build configuration list for PBXNativeTarget "MainProjectUITests" */ = {
			isa = XCConfigurationList;
			buildConfigurations = (
				F89AA8AB1F724B5200B989D7 /* Debug */,
				F89AA8AC1F724B5200B989D7 /* Release */,
			);
			defaultConfigurationIsVisible = 0;
			defaultConfigurationName = Release;
		};
/* End XCConfigurationList section */
	};
	rootObject = F89AA8701F724B5200B989D7 /* Project object */;
}
